
Microsoft Visual Studio Solution File, Format Version 12.00
# Visual Studio Version 17
VisualStudioVersion = 17.4.33213.308
MinimumVisualStudioVersion = 10.0.40219.1
Project("{FAE04EC0-301F-11D3-BF4B-00C04F79EFBC}") = "cycle1", "cycle1.csproj", "{CA99D456-C94E-4E7F-90C6-2046071428BA}"
EndProject
Global
	GlobalSection(SolutionConfigurationPlatforms) = preSolution
		Debug|Any CPU = Debug|Any CPU
		Release|Any CPU = Release|Any CPU
	EndGlobalSection
	GlobalSection(ProjectConfigurationPlatforms) = postSolution
		{CA99D456-C94E-4E7F-90C6-2046071428BA}.Debug|Any CPU.ActiveCfg = Debug|Any CPU
		{CA99D456-C94E-4E7F-90C6-2046071428BA}.Debug|Any CPU.Build.0 = Debug|Any CPU
		{CA99D456-C94E-4E7F-90C6-2046071428BA}.Release|Any CPU.ActiveCfg = Release|Any CPU
		{CA99D456-C94E-4E7F-90C6-2046071428BA}.Release|Any CPU.Build.0 = Release|Any CPU
	EndGlobalSection
	GlobalSection(SolutionProperties) = preSolution
		HideSolutionNode = FALSE
	EndGlobalSection
	GlobalSection(ExtensibilityGlobals) = postSolution
		SolutionGuid = {DF021C4A-F0D0-4DD7-AB18-30E9B463FA56}
	EndGlobalSection
EndGlobal
